// !$*UTF8*$!
{
	archiveVersion = 1;
	classes = {
	};
	objectVersion = 46;
	objects = {

/* Begin PBXBuildFile section */
		91DA8EBD1D4E359E00683607 /* main.m in Sources */ = {isa = PBXBuildFile; fileRef = 91DA8EBC1D4E359E00683607 /* main.m */; };
		91DA8EC01D4E359E00683607 /* AppDelegate.m in Sources */ = {isa = PBXBuildFile; fileRef = 91DA8EBF1D4E359E00683607 /* AppDelegate.m */; };
		91DA8EC31D4E359E00683607 /* ViewController.m in Sources */ = {isa = PBXBuildFile; fileRef = 91DA8EC21D4E359E00683607 /* ViewController.m */; };
		91DA8EC61D4E359E00683607 /* Main.storyboard in Resources */ = {isa = PBXBuildFile; fileRef = 91DA8EC41D4E359E00683607 /* Main.storyboard */; };
		91DA8EC81D4E359E00683607 /* Assets.xcassets in Resources */ = {isa = PBXBuildFile; fileRef = 91DA8EC71D4E359E00683607 /* Assets.xcassets */; };
		91DA8ECB1D4E359E00683607 /* LaunchScreen.storyboard in Resources */ = {isa = PBXBuildFile; fileRef = 91DA8EC91D4E359E00683607 /* LaunchScreen.storyboard */; };
		91DA8ED41D4E35C500683607 /* Alert.swift in Sources */ = {isa = PBXBuildFile; fileRef = 91DA8ED31D4E35C500683607 /* Alert.swift */; };
/* End PBXBuildFile section */

/* Begin PBXFileReference section */
		91DA8EB81D4E359E00683607 /* OCSwift.app */ = {isa = PBXFileReference; explicitFileType = wrapper.application; includeInIndex = 0; path = OCSwift.app; sourceTree = BUILT_PRODUCTS_DIR; };
		91DA8EBC1D4E359E00683607 /* main.m */ = {isa = PBXFileReference; lastKnownFileType = sourcecode.c.objc; path = main.m; sourceTree = "<group>"; };
		91DA8EBE1D4E359E00683607 /* AppDelegate.h */ = {isa = PBXFileReference; lastKnownFileType = sourcecode.c.h; path = AppDelegate.h; sourceTree = "<group>"; };
		91DA8EBF1D4E359E00683607 /* AppDelegate.m */ = {isa = PBXFileReference; lastKnownFileType = sourcecode.c.objc; path = AppDelegate.m; sourceTree = "<group>"; };
		91DA8EC11D4E359E00683607 /* ViewController.h */ = {isa = PBXFileReference; lastKnownFileType = sourcecode.c.h; path = ViewController.h; sourceTree = "<group>"; };
		91DA8EC21D4E359E00683607 /* ViewController.m */ = {isa = PBXFileReference; lastKnownFileType = sourcecode.c.objc; path = ViewController.m; sourceTree = "<group>"; };
		91DA8EC51D4E359E00683607 /* Base */ = {isa = PBXFileReference; lastKnownFileType = file.storyboard; name = Base; path = Base.lproj/Main.storyboard; sourceTree = "<group>"; };
		91DA8EC71D4E359E00683607 /* Assets.xcassets */ = {isa = PBXFileReference; lastKnownFileType = folder.assetcatalog; path = Assets.xcassets; sourceTree = "<group>"; };
		91DA8ECA1D4E359E00683607 /* Base */ = {isa = PBXFileReference; lastKnownFileType = file.storyboard; name = Base; path = Base.lproj/LaunchScreen.storyboard; sourceTree = "<group>"; };
		91DA8ECC1D4E359E00683607 /* Info.plist */ = {isa = PBXFileReference; lastKnownFileType = text.plist.xml; path = Info.plist; sourceTree = "<group>"; };
		91DA8ED21D4E35C400683607 /* OCSwift-Bridging-Header.h */ = {isa = PBXFileReference; lastKnownFileType = sourcecode.c.h; path = "OCSwift-Bridging-Header.h"; sourceTree = "<group>"; };
		91DA8ED31D4E35C500683607 /* Alert.swift */ = {isa = PBXFileReference; fileEncoding = 4; lastKnownFileType = sourcecode.swift; path = Alert.swift; sourceTree = "<group>"; };
/* End PBXFileReference section */

/* Begin PBXFrameworksBuildPhase section */
		91DA8EB51D4E359E00683607 /* Frameworks */ = {
			isa = PBXFrameworksBuildPhase;
			buildActionMask = 2147483647;
			files = (
			);
			runOnlyForDeploymentPostprocessing = 0;
		};
/* End PBXFrameworksBuildPhase section */

/* Begin PBXGroup section */
		91DA8EAF1D4E359E00683607 = {
			isa = PBXGroup;
			children = (
				91DA8EBA1D4E359E00683607 /* OCSwift */,
				91DA8EB91D4E359E00683607 /* Products */,
			);
			sourceTree = "<group>";
		};
		91DA8EB91D4E359E00683607 /* Products */ = {
			isa = PBXGroup;
			children = (
				91DA8EB81D4E359E00683607 /* OCSwift.app */,
			);
			name = Products;
			sourceTree = "<group>";
		};
		91DA8EBA1D4E359E00683607 /* OCSwift */ = {
			isa = PBXGroup;
			children = (
				91DA8EBE1D4E359E00683607 /* AppDelegate.h */,
				91DA8EBF1D4E359E00683607 /* AppDelegate.m */,
				91DA8ED31D4E35C500683607 /* Alert.swift */,
				91DA8EC11D4E359E00683607 /* ViewController.h */,
				91DA8EC21D4E359E00683607 /* ViewController.m */,
				91DA8EC41D4E359E00683607 /* Main.storyboard */,
				91DA8EC71D4E359E00683607 /* Assets.xcassets */,
				91DA8EC91D4E359E00683607 /* LaunchScreen.storyboard */,
				91DA8ECC1D4E359E00683607 /* Info.plist */,
				91DA8EBB1D4E359E00683607 /* Supporting Files */,
				91DA8ED21D4E35C400683607 /* OCSwift-Bridging-Header.h */,
			);
			path = OCSwift;
			sourceTree = "<group>";
		};
		91DA8EBB1D4E359E00683607 /* Supporting Files */ = {
			isa = PBXGroup;
			children = (
				91DA8EBC1D4E359E00683607 /* main.m */,
			);
			name = "Supporting Files";
			sourceTree = "<group>";
		};
/* End PBXGroup section */

/* Begin PBXNativeTarget section */
		91DA8EB71D4E359E00683607 /* OCSwift */ = {
			isa = PBXNativeTarget;
			buildConfigurationList = 91DA8ECF1D4E359E00683607 /* Build configuration list for PBXNativeTarget "OCSwift" */;
			buildPhases = (
				91DA8EB41D4E359E00683607 /* Sources */,
				91DA8EB51D4E359E00683607 /* Frameworks */,
				91DA8EB61D4E359E00683607 /* Resources */,
			);
			buildRules = (
			);
			dependencies = (
			);
			name = OCSwift;
			productName = OCSwift;
			productReference = 91DA8EB81D4E359E00683607 /* OCSwift.app */;
			productType = "com.apple.product-type.application";
		};
/* End PBXNativeTarget section */

/* Begin PBXProject section */
		91DA8EB01D4E359E00683607 /* Project object */ = {
			isa = PBXProject;
			attributes = {
				LastUpgradeCheck = 0800;
				ORGANIZATIONNAME = Tiny;
				TargetAttributes = {
					91DA8EB71D4E359E00683607 = {
						CreatedOnToolsVersion = 8.0;
						DevelopmentTeam = AULY77T89F;
						DevelopmentTeamName = "小夏 祝 (Personal Team)";
						LastSwiftMigration = 0800;
						ProvisioningStyle = Automatic;
					};
				};
			};
			buildConfigurationList = 91DA8EB31D4E359E00683607 /* Build configuration list for PBXProject "OCSwift" */;
			compatibilityVersion = "Xcode 3.2";
			developmentRegion = English;
			hasScannedForEncodings = 0;
			knownRegions = (
				en,
				Base,
			);
			mainGroup = 91DA8EAF1D4E359E00683607;
			productRefGroup = 91DA8EB91D4E359E00683607 /* Products */;
			projectDirPath = "";
			projectRoot = "";
			targets = (
				91DA8EB71D4E359E00683607 /* OCSwift */,
			);
		};
/* End PBXProject section */

/* Begin PBXResourcesBuildPhase section */
		91DA8EB61D4E359E00683607 /* Resources */ = {
			isa = PBXResourcesBuildPhase;
			buildActionMask = 2147483647;
			files = (
				91DA8ECB1D4E359E00683607 /* LaunchScreen.storyboard in Resources */,
				91DA8EC81D4E359E00683607 /* Assets.xcassets in Resources */,
				91DA8EC61D4E359E00683607 /* Main.storyboard in Resources */,
			);
			runOnlyForDeploymentPostprocessing = 0;
		};
/* End PBXResourcesBuildPhase section */

/* Begin PBXSourcesBuildPhase section */
		91DA8EB41D4E359E00683607 /* Sources */ = {
			isa = PBXSourcesBuildPhase;
			buildActionMask = 2147483647;
			files = (
				91DA8EC31D4E359E00683607 /* ViewController.m in Sources */,
				91DA8EC01D4E359E00683607 /* AppDelegate.m in Sources */,
				91DA8ED41D4E35C500683607 /* Alert.swift in Sources */,
				91DA8EBD1D4E359E00683607 /* main.m in Sources */,
			);
			runOnlyForDeploymentPostprocessing = 0;
		};
/* End PBXSourcesBuildPhase section */

/* Begin PBXVariantGroup section */
		91DA8EC41D4E359E00683607 /* Main.storyboard */ = {
			isa = PBXVariantGroup;
			children = (
				91DA8EC51D4E359E00683607 /* Base */,
			);
			name = Main.storyboard;
			sourceTree = "<group>";
		};
		91DA8EC91D4E359E00683607 /* LaunchScreen.storyboard */ = {
			isa = PBXVariantGroup;
			children = (
				91DA8ECA1D4E359E00683607 /* Base */,
			);
			name = LaunchScreen.storyboard;
			sourceTree = "<group>";
		};
/* End PBXVariantGroup section */

/* Begin XCBuildConfiguration section */
		91DA8ECD1D4E359E00683607 /* Debug */ = {
			isa = XCBuildConfiguration;
			buildSettings = {
				ALWAYS_SEARCH_USER_PATHS = NO;
				CLANG_ANALYZER_NONNULL = YES;
				CLANG_CXX_LANGUAGE_STANDARD = "gnu++0x";
				CLANG_CXX_LIBRARY = "libc++";
				CLANG_ENABLE_MODULES = YES;
				CLANG_ENABLE_OBJC_ARC = YES;
				CLANG_WARN_BOOL_CONVERSION = YES;
				CLANG_WARN_CONSTANT_CONVERSION = YES;
				CLANG_WARN_DIRECT_OBJC_ISA_USAGE = YES_ERROR;
				CLANG_WARN_DOCUMENTATION_COMMENTS = YES;
				CLANG_WARN_EMPTY_BODY = YES;
				CLANG_WARN_ENUM_CONVERSION = YES;
				CLANG_WARN_INT_CONVERSION = YES;
				CLANG_WARN_OBJC_ROOT_CLASS = YES_ERROR;
				CLANG_WARN_UNREACHABLE_CODE = YES;
				CLANG_WARN__DUPLICATE_METHOD_MATCH = YES;
				"CODE_SIGN_IDENTITY[sdk=iphoneos*]" = "iPhone Developer";
				COPY_PHASE_STRIP = NO;
				DEBUG_INFORMATION_FORMAT = dwarf;
				ENABLE_STRICT_OBJC_MSGSEND = YES;
				ENABLE_TESTABILITY = YES;
				GCC_C_LANGUAGE_STANDARD = gnu99;
				GCC_DYNAMIC_NO_PIC = NO;
				GCC_NO_COMMON_BLOCKS = YES;
				GCC_OPTIMIZATION_LEVEL = 0;
				GCC_PREPROCESSOR_DEFINITIONS = (
					"DEBUG=1",
					"$(inherited)",
				);
				GCC_WARN_64_TO_32_BIT_CONVERSION = YES;
				GCC_WARN_ABOUT_RETURN_TYPE = YES_ERROR;
				GCC_WARN_UNDECLARED_SELECTOR = YES;
				GCC_WARN_UNINITIALIZED_AUTOS = YES_AGGRESSIVE;
				GCC_WARN_UNUSED_FUNCTION = YES;
				GCC_WARN_UNUSED_VARIABLE = YES;
				IPHONEOS_DEPLOYMENT_TARGET = 10.0;
				MTL_ENABLE_DEBUG_INFO = YES;
				ONLY_ACTIVE_ARCH = YES;
				SDKROOT = iphoneos;
			};
			name = Debug;
		};
		91DA8ECE1D4E359E00683607 /* Release */ = {
			isa = XCBuildConfiguration;
			buildSettings = {
				ALWAYS_SEARCH_USER_PATHS = NO;
				CLANG_ANALYZER_NONNULL = YES;
				CLANG_CXX_LANGUAGE_STANDARD = "gnu++0x";
				CLANG_CXX_LIBRARY = "libc++";
				CLANG_ENABLE_MODULES = YES;
				CLANG_ENABLE_OBJC_ARC = YES;
				CLANG_WARN_BOOL_CONVERSION = YES;
				CLANG_WARN_CONSTANT_CONVERSION = YES;
				CLANG_WARN_DIRECT_OBJC_ISA_USAGE = YES_ERROR;
				CLANG_WARN_DOCUMENTATION_COMMENTS = YES;
				CLANG_WARN_EMPTY_BODY = YES;
				CLANG_WARN_ENUM_CONVERSION = YES;
				CLANG_WARN_INT_CONVERSION = YES;
				CLANG_WARN_OBJC_ROOT_CLASS = YES_ERROR;
				CLANG_WARN_UNREACHABLE_CODE = YES;
				CLANG_WARN__DUPLICATE_METHOD_MATCH = YES;
				"CODE_SIGN_IDENTITY[sdk=iphoneos*]" = "iPhone Developer";
				COPY_PHASE_STRIP = NO;
				DEBUG_INFORMATION_FORMAT = "dwarf-with-dsym";
				ENABLE_NS_ASSERTIONS = NO;
				ENABLE_STRICT_OBJC_MSGSEND = YES;
				GCC_C_LANGUAGE_STANDARD = gnu99;
				GCC_NO_COMMON_BLOCKS = YES;
				GCC_WARN_64_TO_32_BIT_CONVERSION = YES;
				GCC_WARN_ABOUT_RETURN_TYPE = YES_ERROR;
				GCC_WARN_UNDECLARED_SELECTOR = YES;
				GCC_WARN_UNINITIALIZED_AUTOS = YES_AGGRESSIVE;
				GCC_WARN_UNUSED_FUNCTION = YES;
				GCC_WARN_UNUSED_VARIABLE = YES;
				IPHONEOS_DEPLOYMENT_TARGET = 10.0;
				MTL_ENABLE_DEBUG_INFO = NO;
				SDKROOT = iphoneos;
				VALIDATE_PRODUCT = YES;
			};
			name = Release;
		};
		91DA8ED01D4E359E00683607 /* Debug */ = {
			isa = XCBuildConfiguration;
			buildSettings = {
				ASSETCATALOG_COMPILER_APPICON_NAME = AppIcon;
				CLANG_ENABLE_MODULES = YES;
				INFOPLIST_FILE = OCSwift/Info.plist;
				LD_RUNPATH_SEARCH_PATHS = "$(inherited) @executable_path/Frameworks";
				PRODUCT_BUNDLE_IDENTIFIER = com.HelloTiny.OCSwift;
				PRODUCT_NAME = "$(TARGET_NAME)";
				SWIFT_OBJC_BRIDGING_HEADER = "OCSwift/OCSwift-Bridging-Header.h";
				SWIFT_OPTIMIZATION_LEVEL = "-Onone";
				SWIFT_VERSION = 3.0;
			};
			name = Debug;
		};
		91DA8ED11D4E359E00683607 /* Release */ = {
			isa = XCBuildConfiguration;
			buildSettings = {
				ASSETCATALOG_COMPILER_APPICON_NAME = AppIcon;
				CLANG_ENABLE_MODULES = YES;
				INFOPLIST_FILE = OCSwift/Info.plist;
				LD_RUNPATH_SEARCH_PATHS = "$(inherited) @executable_path/Frameworks";
				PRODUCT_BUNDLE_IDENTIFIER = com.HelloTiny.OCSwift;
				PRODUCT_NAME = "$(TARGET_NAME)";
				SWIFT_OBJC_BRIDGING_HEADER = "OCSwift/OCSwift-Bridging-Header.h";
				SWIFT_VERSION = 3.0;
			};
			name = Release;
		};
/* End XCBuildConfiguration section */

/* Begin XCConfigurationList section */
		91DA8EB31D4E359E00683607 /* Build configuration list for PBXProject "OCSwift" */ = {
			isa = XCConfigurationList;
			buildConfigurations = (
				91DA8ECD1D4E359E00683607 /* Debug */,
				91DA8ECE1D4E359E00683607 /* Release */,
			);
			defaultConfigurationIsVisible = 0;
			defaultConfigurationName = Release;
		};
		91DA8ECF1D4E359E00683607 /* Build configuration list for PBXNativeTarget "OCSwift" */ = {
			isa = XCConfigurationList;
			buildConfigurations = (
				91DA8ED01D4E359E00683607 /* Debug */,
				91DA8ED11D4E359E00683607 /* Release */,
			);
			defaultConfigurationIsVisible = 0;
		};
/* End XCConfigurationList section */
	};
	rootObject = 91DA8EB01D4E359E00683607 /* Project object */;
}
